{
  "nodes": {
    "ascii-art": {
      "flake": false,
      "locked": {
        "lastModified": 1789586510,
        "narHash": "sha256-Nb5nmdN4mjTMRhWhFFHUtR3unE4rSmixkvZnu9qDDeI=",
        "owner": "mirdukkkkk",
        "repo": "ascii-art",
        "rev": "403a76f0f67660902eae6552bd8afbabe32d34ad",
        "type": "github"
      },
      "original": {
        "owner": "mirdukkkkk",
        "repo": "ascii-art",
        "type": "github"
      }
    },
    "beefetch": {
      "inputs": {
        "flake-utils": "flake-utils",
        "nixpkgs": [
          "nixpkgs"
        ]
      },
      "locked": {
        "lastModified": 1781694455,
        "narHash": "sha256-h1HAZMm8izcQPt0JgOKQTlkOcMEUV8IVJggJXd9OoOQ=",
        "owner": "mirdukkkkk",
        "repo": "beefetch",
        "rev": "67794dec612b2ffca48773162a6f4c54b89ff9f3",
        "type": "github"
      },
      "original": {
        "owner": "mirdukkkkk",
        "repo": "beefetch",
        "type": "github"
      }
    },
    "betterfox": {
      "flake": false,
      "locked": {
        "lastModified": 1788713351,
        "narHash": "sha256-mIP/WcXUcGrJsWCJzR4zqPOmt0BbbpTZVaN/MbIwBbw=",
        "owner": "yokoffing",
        "repo": "betterfox",
        "rev": "067172a4b0dc90e78e5b8b94d9abfe6430c6a7be",
        "type": "github"
      },
      "original": {
        "owner": "yokoffing",
        "repo": "betterfox",
        "type": "github"
      }
    },
    "caveman": {
      "flake": false,
      "locked": {
        "lastModified": 1790884643,
        "narHash": "sha256-LTAStlExaZtBhYHGjYQcxXVG4ufb/Ef4KVftYYUUrPE=",
        "owner": "JuliusBrussee",
        "repo": "caveman",
        "rev": "b39c90862855ad2f0813ce775b8bf07a9d6d2a50",
        "type": "github"
      },
      "original": {
        "owner": "JuliusBrussee",
        "repo": "caveman",
        "type": "github"
      }
    },
    "claude-code": {
      "inputs": {
        "nixpkgs": [
          "nixpkgs"
        ],
        "systems": "systems_2"
      },
      "locked": {
        "lastModified": 1790877775,
        "narHash": "sha256-99y6MBHLBNKhcUl4PprE5m4/ooopH8nuOCwxh8uKMCs=",
        "owner": "sadjow",
        "repo": "claude-code-nix",
        "rev": "eca59bb0000a0f3ebf7db73717ebd3838de940fe",
        "type": "github"
      },
      "original": {
        "owner": "sadjow",
        "ref": "v2",
        "repo": "claude-code-nix",
        "type": "github"
      }
    },
    "flake-parts": {
      "inputs": {
        "nixpkgs-lib": [
          "nur",
          "nixpkgs"
        ]
      },
      "locked": {
        "lastModified": 1733312601,
        "narHash": "sha256-4pDvzqnegAfRkPwO3wmwBhVi/Sye1mzps0zHWYnP88c=",
        "owner": "hercules-ci",
        "repo": "flake-parts",
        "rev": "205b12d8b7cd4802fbcb8e8ef6a0f1408781a4f9",
        "type": "github"
      },
      "original": {
        "owner": "hercules-ci",
        "repo": "flake-parts",
        "type": "github"
      }
    },
    "flake-utils": {
      "inputs": {
        "systems": "systems"
      },
      "locked": {
        "lastModified": 1731533236,
        "narHash": "sha256-l0KFg5HjrsfsO/JpG+r7fRrqm12kzFHyUHqHCVpMMbI=",
        "owner": "numtide",
        "repo": "flake-utils",
        "rev": "11707dc2f618dd54ca8739b309ec4fc024de578b",
        "type": "github"
      },
      "original": {
        "owner": "numtide",
        "repo": "flake-utils",
        "type": "github"
      }
    },
    "flake-utils_2": {
      "inputs": {
        "systems": "systems_3"
      },
      "locked": {
        "lastModified": 1731533236,
        "narHash": "sha256-l0KFg5HjrsfsO/JpG+r7fRrqm12kzFHyUHqHCVpMMbI=",
        "owner": "numtide",
        "repo": "flake-utils",
        "rev": "11707dc2f618dd54ca8739b309ec4fc024de578b",
        "type": "github"
      },
      "original": {
        "owner": "numtide",
        "repo": "flake-utils",
        "type": "github"
      }
    },
    "home-manager": {
      "inputs": {
        "nixpkgs": [
          "nixpkgs"
        ]
      },
      "locked": {
        "lastModified": 1790742243,
        "narHash": "sha256-kaNo6xHiL31AbNNEreG0OTKf4j6Cxlo5bPawjX7lnbQ=",
        "owner": "nix-community",
        "repo": "home-manager",
        "rev": "e5fcd298a00f08b6e8390baf04aa8edb62203070",
        "type": "github"
      },
      "original": {
        "owner": "nix-community",
        "ref": "release-26.05",
        "repo": "home-manager",
        "type": "github"
      }
    },
    "molten": {
      "inputs": {
        "flake-utils": "flake-utils_2",
        "nixpkgs": [
          "nixpkgs"
        ]
      },
      "locked": {
        "lastModified": 1787622556,
        "narHash": "sha256-VjTyMjfW5WCNSQOjxEuwrHnS3fAXHOLVcteTtxdo3RM=",
        "owner": "pixelate-it",
        "repo": "molten",
        "rev": "86a79ace842fb9941569c3e5ae27370404a8b336",
        "type": "github"
      },
      "original": {
        "owner": "pixelate-it",
        "repo": "molten",
        "type": "github"
      }
    },
    "nix-flatpak": {
      "locked": {
        "lastModified": 1790428548,
        "narHash": "sha256-OsZ/I7v3ArCrk0XOUvkiU1dFtGtE1qZTHRGjvBXIKUU=",
        "owner": "gmodena",
        "repo": "nix-flatpak",
        "rev": "f1f045fc8b35ff59f88982c1752d3f3a42ca6a61",
        "type": "github"
      },
      "original": {
        "owner": "gmodena",
        "repo": "nix-flatpak",
        "type": "github"
      }
    },
    "nixpkgs": {
      "locked": {
        "lastModified": 1790750587,
        "narHash": "sha256-VfjaoJ1Uyb7JZTrBgE5Jf2nhjtQPmD9KOd19HJwmZwM=",
        "owner": "NixOS",
        "repo": "nixpkgs",
        "rev": "78e9c786dc08cd4f3420c2395cd977206a9b1da2",
        "type": "github"
      },
      "original": {
        "owner": "NixOS",
        "ref": "nixos-26.05",
        "repo": "nixpkgs",
        "type": "github"
      }
    },
    "nixpkgs-unstable": {
      "locked": {
        "lastModified": 1790822859,
        "narHash": "sha256-69xHQhAeMAD2wDXO7T2pcOZIF9Sga2W+JkmY2a11Ops=",
        "owner": "NixOS",
        "repo": "nixpkgs",
        "rev": "c59305bab2065cfecc4944690d9eedbb56f3a9fa",
        "type": "github"
      },
      "original": {
        "owner": "NixOS",
        "ref": "nixos-unstable",
        "repo": "nixpkgs",
        "type": "github"
      }
    },
    "nur": {
      "inputs": {
        "flake-parts": "flake-parts",
        "nixpkgs": [
          "nixpkgs"
        ]
      },
      "locked": {
        "lastModified": 1790887624,
        "narHash": "sha256-BRKDb8OC4upDL9B+SV2s2G6zIdlqbwwAli6aW9CDj84=",
        "owner": "nix-community",
        "repo": "nur",
        "rev": "66587564d6adb1ab9a56023155aab79d2d6b2667",
        "type": "github"
      },
      "original": {
        "owner": "nix-community",
        "repo": "nur",
        "type": "github"
      }
    },
    "preservation": {
      "locked": {
        "lastModified": 1757436102,
        "narHash": "sha256-mMI9IanU+Xw+pVogD2oT0I2kTmvz2Un/Apc5+CwUpEY=",
        "owner": "nix-community",
        "repo": "preservation",
        "rev": "93416f4614ad2dfed5b0dcf12f27e57d27a5ab11",
        "type": "github"
      },
      "original": {
        "owner": "nix-community",
        "repo": "preservation",
        "type": "github"
      }
    },
    "root": {
      "inputs": {
        "ascii-art": "ascii-art",
        "beefetch": "beefetch",
        "betterfox": "betterfox",
        "caveman": "caveman",
        "claude-code": "claude-code",
        "home-manager": "home-manager",
        "molten": "molten",
        "nix-flatpak": "nix-flatpak",
        "nixpkgs": "nixpkgs",
        "nixpkgs-unstable": "nixpkgs-unstable",
        "nur": "nur",
        "preservation": "preservation",
        "security-audit-skill": "security-audit-skill"
      }
    },
    "security-audit-skill": {
      "flake": false,
      "locked": {
        "lastModified": 1789414134,
        "narHash": "sha256-oVVACjotkHvllQGxEP8yWaEt4c3GxT0d909TUM5P3NM=",
        "owner": "cloudflare",
        "repo": "security-audit-skill",
        "rev": "c1c8a8c1471069fb0e188eeaff69b8e8db6564a8",
        "type": "github"
      },
      "original": {
        "owner": "cloudflare",
        "repo": "security-audit-skill",
        "type": "github"
      }
    },
    "systems": {
      "locked": {
        "lastModified": 1681028828,
        "narHash": "sha256-Vy1rq5AaRuLzOxct8nz4T6wlgyUR7zLU309k9mBC768=",
        "owner": "nix-systems",
        "repo": "default",
        "rev": "da67096a3b9bf56a91d16901293e51ba5b49a27e",
        "type": "github"
      },
      "original": {
        "owner": "nix-systems",
        "repo": "default",
        "type": "github"
      }
    },
    "systems_2": {
      "locked": {
        "lastModified": 1681028828,
        "narHash": "sha256-Vy1rq5AaRuLzOxct8nz4T6wlgyUR7zLU309k9mBC768=",
        "owner": "nix-systems",
        "repo": "default",
        "rev": "da67096a3b9bf56a91d16901293e51ba5b49a27e",
        "type": "github"
      },
      "original": {
        "owner": "nix-systems",
        "repo": "default",
        "type": "github"
      }
    },
    "systems_3": {
      "locked": {
        "lastModified": 1681028828,
        "narHash": "sha256-Vy1rq5AaRuLzOxct8nz4T6wlgyUR7zLU309k9mBC768=",
        "owner": "nix-systems",
        "repo": "default",
        "rev": "da67096a3b9bf56a91d16901293e51ba5b49a27e",
        "type": "github"
      },
      "original": {
        "owner": "nix-systems",
        "repo": "default",
        "type": "github"
      }
    }
  },
  "root": "root",
  "version": 7
}
